
Microsoft Visual Studio Solution File, Format Version 12.00
# Visual Studio Version 17
VisualStudioVersion = 17.3.32825.248
MinimumVisualStudioVersion = 10.0.40219.1
Project("{FAE04EC0-301F-11D3-BF4B-00C04F79EFBC}") = "lunchsystem", "lunchsystem\lunchsystem.csproj", "{84304B10-1069-43AC-B70B-CBE970F1409E}"
EndProject
Global
	GlobalSection(SolutionConfigurationPlatforms) = preSolution
		Debug|Any CPU = Debug|Any CPU
		Release|Any CPU = Release|Any CPU
	EndGlobalSection
	GlobalSection(ProjectConfigurationPlatforms) = postSolution
		{84304B10-1069-43AC-B70B-CBE970F1409E}.Debug|Any CPU.ActiveCfg = Debug|Any CPU
		{84304B10-1069-43AC-B70B-CBE970F1409E}.Debug|Any CPU.Build.0 = Debug|Any CPU
		{84304B10-1069-43AC-B70B-CBE970F1409E}.Release|Any CPU.ActiveCfg = Release|Any CPU
		{84304B10-1069-43AC-B70B-CBE970F1409E}.Release|Any CPU.Build.0 = Release|Any CPU
	EndGlobalSection
	GlobalSection(SolutionProperties) = preSolution
		HideSolutionNode = FALSE
	EndGlobalSection
	GlobalSection(ExtensibilityGlobals) = postSolution
		SolutionGuid = {99135F2C-BC19-48B8-8E66-F1524E5A872D}
	EndGlobalSection
EndGlobal
